// !$*UTF8*$!
{
	archiveVersion = 1;
	classes = {
	};
	objectVersion = 46;
	objects = {

/* Begin PBXBuildFile section */
		321EA9D91FA257D2009B454F /* AppDelegate.swift in Sources */ = {isa = PBXBuildFile; fileRef = 321EA9C31FA257D2009B454F /* AppDelegate.swift */; };
		321EA9DA1FA257D2009B454F /* CartListViewController.swift in Sources */ = {isa = PBXBuildFile; fileRef = 321EA9C61FA257D2009B454F /* CartListViewController.swift */; };
		321EA9DB1FA257D2009B454F /* CartTableViewCell.swift in Sources */ = {isa = PBXBuildFile; fileRef = 321EA9C71FA257D2009B454F /* CartTableViewCell.swift */; };
		321EA9DC1FA257D2009B454F /* CartTableViewCell.xib in Resources */ = {isa = PBXBuildFile; fileRef = 321EA9C81FA257D2009B454F /* CartTableViewCell.xib */; };
		321EA9DD1FA257D2009B454F /* ProductCollectionViewCell.swift in Sources */ = {isa = PBXBuildFile; fileRef = 321EA9CA1FA257D2009B454F /* ProductCollectionViewCell.swift */; };
		321EA9DE1FA257D2009B454F /* ProductCollectionViewCell.xib in Resources */ = {isa = PBXBuildFile; fileRef = 321EA9CB1FA257D2009B454F /* ProductCollectionViewCell.xib */; };
		321EA9DF1FA257D2009B454F /* ProductListViewController.swift in Sources */ = {isa = PBXBuildFile; fileRef = 321EA9CC1FA257D2009B454F /* ProductListViewController.swift */; };
		321EA9E01FA257D2009B454F /* Assets.xcassets in Resources */ = {isa = PBXBuildFile; fileRef = 321EA9CE1FA257D2009B454F /* Assets.xcassets */; };
		321EA9E11FA257D2009B454F /* Info.plist in Resources */ = {isa = PBXBuildFile; fileRef = 321EA9CF1FA257D2009B454F /* Info.plist */; };
		321EA9E21FA257D2009B454F /* CustomButton.swift in Sources */ = {isa = PBXBuildFile; fileRef = 321EA9D21FA257D2009B454F /* CustomButton.swift */; };
		321EA9E31FA257D2009B454F /* ShadowView.swift in Sources */ = {isa = PBXBuildFile; fileRef = 321EA9D31FA257D2009B454F /* ShadowView.swift */; };
		321EA9E41FA257D2009B454F /* LaunchScreen.storyboard in Resources */ = {isa = PBXBuildFile; fileRef = 321EA9D51FA257D2009B454F /* LaunchScreen.storyboard */; };
		321EA9E51FA257D2009B454F /* Main.storyboard in Resources */ = {isa = PBXBuildFile; fileRef = 321EA9D71FA257D2009B454F /* Main.storyboard */; };
/* End PBXBuildFile section */

/* Begin PBXFileReference section */
		321EA9AD1FA2543C009B454F /* HorokuApp.app */ = {isa = PBXFileReference; explicitFileType = wrapper.application; includeInIndex = 0; path = HorokuApp.app; sourceTree = BUILT_PRODUCTS_DIR; };
		321EA9C31FA257D2009B454F /* AppDelegate.swift */ = {isa = PBXFileReference; fileEncoding = 4; lastKnownFileType = sourcecode.swift; path = AppDelegate.swift; sourceTree = "<group>"; };
		321EA9C61FA257D2009B454F /* CartListViewController.swift */ = {isa = PBXFileReference; fileEncoding = 4; lastKnownFileType = sourcecode.swift; path = CartListViewController.swift; sourceTree = "<group>"; };
		321EA9C71FA257D2009B454F /* CartTableViewCell.swift */ = {isa = PBXFileReference; fileEncoding = 4; lastKnownFileType = sourcecode.swift; path = CartTableViewCell.swift; sourceTree = "<group>"; };
		321EA9C81FA257D2009B454F /* CartTableViewCell.xib */ = {isa = PBXFileReference; fileEncoding = 4; lastKnownFileType = file.xib; path = CartTableViewCell.xib; sourceTree = "<group>"; };
		321EA9CA1FA257D2009B454F /* ProductCollectionViewCell.swift */ = {isa = PBXFileReference; fileEncoding = 4; lastKnownFileType = sourcecode.swift; path = ProductCollectionViewCell.swift; sourceTree = "<group>"; };
		321EA9CB1FA257D2009B454F /* ProductCollectionViewCell.xib */ = {isa = PBXFileReference; fileEncoding = 4; lastKnownFileType = file.xib; path = ProductCollectionViewCell.xib; sourceTree = "<group>"; };
		321EA9CC1FA257D2009B454F /* ProductListViewController.swift */ = {isa = PBXFileReference; fileEncoding = 4; lastKnownFileType = sourcecode.swift; path = ProductListViewController.swift; sourceTree = "<group>"; };
		321EA9CE1FA257D2009B454F /* Assets.xcassets */ = {isa = PBXFileReference; lastKnownFileType = folder.assetcatalog; path = Assets.xcassets; sourceTree = "<group>"; };
		321EA9CF1FA257D2009B454F /* Info.plist */ = {isa = PBXFileReference; fileEncoding = 4; lastKnownFileType = text.plist.xml; name = Info.plist; path = HorokuApp/Info.plist; sourceTree = "<group>"; };
		321EA9D21FA257D2009B454F /* CustomButton.swift */ = {isa = PBXFileReference; fileEncoding = 4; lastKnownFileType = sourcecode.swift; path = CustomButton.swift; sourceTree = "<group>"; };
		321EA9D31FA257D2009B454F /* ShadowView.swift */ = {isa = PBXFileReference; fileEncoding = 4; lastKnownFileType = sourcecode.swift; path = ShadowView.swift; sourceTree = "<group>"; };
		321EA9D61FA257D2009B454F /* Base */ = {isa = PBXFileReference; lastKnownFileType = file.storyboard; name = Base; path = Base.lproj/LaunchScreen.storyboard; sourceTree = "<group>"; };
		321EA9D81FA257D2009B454F /* Base */ = {isa = PBXFileReference; lastKnownFileType = file.storyboard; name = Base; path = Base.lproj/Main.storyboard; sourceTree = "<group>"; };
/* End PBXFileReference section */

/* Begin PBXFrameworksBuildPhase section */
		321EA9AA1FA2543C009B454F /* Frameworks */ = {
			isa = PBXFrameworksBuildPhase;
			buildActionMask = 2147483647;
			files = (
			);
			runOnlyForDeploymentPostprocessing = 0;
		};
/* End PBXFrameworksBuildPhase section */

/* Begin PBXGroup section */
		321EA9A41FA2543C009B454F = {
			isa = PBXGroup;
			children = (
				321EA9C21FA257D2009B454F /* AppDelegate */,
				321EA9C41FA257D2009B454F /* Controller */,
				321EA9CD1FA257D2009B454F /* ImageAssets */,
				321EA9D01FA257D2009B454F /* Model */,
				321EA9D11FA257D2009B454F /* Utilities */,
				321EA9D41FA257D2009B454F /* View */,
				321EA9CF1FA257D2009B454F /* Info.plist */,
				321EA9AE1FA2543C009B454F /* Products */,
			);
			sourceTree = "<group>";
		};
		321EA9AE1FA2543C009B454F /* Products */ = {
			isa = PBXGroup;
			children = (
				321EA9AD1FA2543C009B454F /* HorokuApp.app */,
			);
			name = Products;
			sourceTree = "<group>";
		};
		321EA9C21FA257D2009B454F /* AppDelegate */ = {
			isa = PBXGroup;
			children = (
				321EA9C31FA257D2009B454F /* AppDelegate.swift */,
			);
			name = AppDelegate;
			path = HorokuApp/AppDelegate;
			sourceTree = "<group>";
		};
		321EA9C41FA257D2009B454F /* Controller */ = {
			isa = PBXGroup;
			children = (
				321EA9C51FA257D2009B454F /* Cart */,
				321EA9C91FA257D2009B454F /* Products */,
			);
			name = Controller;
			path = HorokuApp/Controller;
			sourceTree = "<group>";
		};
		321EA9C51FA257D2009B454F /* Cart */ = {
			isa = PBXGroup;
			children = (
				321EA9C61FA257D2009B454F /* CartListViewController.swift */,
				321EA9C71FA257D2009B454F /* CartTableViewCell.swift */,
				321EA9C81FA257D2009B454F /* CartTableViewCell.xib */,
			);
			path = Cart;
			sourceTree = "<group>";
		};
		321EA9C91FA257D2009B454F /* Products */ = {
			isa = PBXGroup;
			children = (
				321EA9CA1FA257D2009B454F /* ProductCollectionViewCell.swift */,
				321EA9CB1FA257D2009B454F /* ProductCollectionViewCell.xib */,
				321EA9CC1FA257D2009B454F /* ProductListViewController.swift */,
			);
			path = Products;
			sourceTree = "<group>";
		};
		321EA9CD1FA257D2009B454F /* ImageAssets */ = {
			isa = PBXGroup;
			children = (
				321EA9CE1FA257D2009B454F /* Assets.xcassets */,
			);
			name = ImageAssets;
			path = HorokuApp/ImageAssets;
			sourceTree = "<group>";
		};
		321EA9D01FA257D2009B454F /* Model */ = {
			isa = PBXGroup;
			children = (
			);
			name = Model;
			path = HorokuApp/Model;
			sourceTree = "<group>";
		};
		321EA9D11FA257D2009B454F /* Utilities */ = {
			isa = PBXGroup;
			children = (
				321EA9D21FA257D2009B454F /* CustomButton.swift */,
				321EA9D31FA257D2009B454F /* ShadowView.swift */,
			);
			name = Utilities;
			path = HorokuApp/Utilities;
			sourceTree = "<group>";
		};
		321EA9D41FA257D2009B454F /* View */ = {
			isa = PBXGroup;
			children = (
				321EA9D51FA257D2009B454F /* LaunchScreen.storyboard */,
				321EA9D71FA257D2009B454F /* Main.storyboard */,
			);
			name = View;
			path = HorokuApp/View;
			sourceTree = "<group>";
		};
/* End PBXGroup section */

/* Begin PBXNativeTarget section */
		321EA9AC1FA2543C009B454F /* HorokuApp */ = {
			isa = PBXNativeTarget;
			buildConfigurationList = 321EA9BF1FA2543C009B454F /* Build configuration list for PBXNativeTarget "HorokuApp" */;
			buildPhases = (
				321EA9A91FA2543C009B454F /* Sources */,
				321EA9AA1FA2543C009B454F /* Frameworks */,
				321EA9AB1FA2543C009B454F /* Resources */,
			);
			buildRules = (
			);
			dependencies = (
			);
			name = HorokuApp;
			productName = HorokuApp;
			productReference = 321EA9AD1FA2543C009B454F /* HorokuApp.app */;
			productType = "com.apple.product-type.application";
		};
/* End PBXNativeTarget section */

/* Begin PBXProject section */
		321EA9A51FA2543C009B454F /* Project object */ = {
			isa = PBXProject;
			attributes = {
				LastSwiftUpdateCheck = 0800;
				LastUpgradeCheck = 0800;
				ORGANIZATIONNAME = swapnali;
				TargetAttributes = {
					321EA9AC1FA2543C009B454F = {
						CreatedOnToolsVersion = 8.0;
						ProvisioningStyle = Automatic;
					};
				};
			};
			buildConfigurationList = 321EA9A81FA2543C009B454F /* Build configuration list for PBXProject "HorokuApp" */;
			compatibilityVersion = "Xcode 3.2";
			developmentRegion = English;
			hasScannedForEncodings = 0;
			knownRegions = (
				en,
				Base,
			);
			mainGroup = 321EA9A41FA2543C009B454F;
			productRefGroup = 321EA9AE1FA2543C009B454F /* Products */;
			projectDirPath = "";
			projectRoot = "";
			targets = (
				321EA9AC1FA2543C009B454F /* HorokuApp */,
			);
		};
/* End PBXProject section */

/* Begin PBXResourcesBuildPhase section */
		321EA9AB1FA2543C009B454F /* Resources */ = {
			isa = PBXResourcesBuildPhase;
			buildActionMask = 2147483647;
			files = (
				321EA9E11FA257D2009B454F /* Info.plist in Resources */,
				321EA9DE1FA257D2009B454F /* ProductCollectionViewCell.xib in Resources */,
				321EA9E01FA257D2009B454F /* Assets.xcassets in Resources */,
				321EA9E51FA257D2009B454F /* Main.storyboard in Resources */,
				321EA9E41FA257D2009B454F /* LaunchScreen.storyboard in Resources */,
				321EA9DC1FA257D2009B454F /* CartTableViewCell.xib in Resources */,
			);
			runOnlyForDeploymentPostprocessing = 0;
		};
/* End PBXResourcesBuildPhase section */

/* Begin PBXSourcesBuildPhase section */
		321EA9A91FA2543C009B454F /* Sources */ = {
			isa = PBXSourcesBuildPhase;
			buildActionMask = 2147483647;
			files = (
				321EA9DB1FA257D2009B454F /* CartTableViewCell.swift in Sources */,
				321EA9DA1FA257D2009B454F /* CartListViewController.swift in Sources */,
				321EA9E21FA257D2009B454F /* CustomButton.swift in Sources */,
				321EA9DF1FA257D2009B454F /* ProductListViewController.swift in Sources */,
				321EA9DD1FA257D2009B454F /* ProductCollectionViewCell.swift in Sources */,
				321EA9D91FA257D2009B454F /* AppDelegate.swift in Sources */,
				321EA9E31FA257D2009B454F /* ShadowView.swift in Sources */,
			);
			runOnlyForDeploymentPostprocessing = 0;
		};
/* End PBXSourcesBuildPhase section */

/* Begin PBXVariantGroup section */
		321EA9D51FA257D2009B454F /* LaunchScreen.storyboard */ = {
			isa = PBXVariantGroup;
			children = (
				321EA9D61FA257D2009B454F /* Base */,
			);
			name = LaunchScreen.storyboard;
			sourceTree = "<group>";
		};
		321EA9D71FA257D2009B454F /* Main.storyboard */ = {
			isa = PBXVariantGroup;
			children = (
				321EA9D81FA257D2009B454F /* Base */,
			);
			name = Main.storyboard;
			sourceTree = "<group>";
		};
/* End PBXVariantGroup section */

/* Begin XCBuildConfiguration section */
		321EA9BD1FA2543C009B454F /* Debug */ = {
			isa = XCBuildConfiguration;
			buildSettings = {
				ALWAYS_SEARCH_USER_PATHS = NO;
				CLANG_ANALYZER_NONNULL = YES;
				CLANG_CXX_LANGUAGE_STANDARD = "gnu++0x";
				CLANG_CXX_LIBRARY = "libc++";
				CLANG_ENABLE_MODULES = YES;
				CLANG_ENABLE_OBJC_ARC = YES;
				CLANG_WARN_BOOL_CONVERSION = YES;
				CLANG_WARN_CONSTANT_CONVERSION = YES;
				CLANG_WARN_DIRECT_OBJC_ISA_USAGE = YES_ERROR;
				CLANG_WARN_DOCUMENTATION_COMMENTS = YES;
				CLANG_WARN_EMPTY_BODY = YES;
				CLANG_WARN_ENUM_CONVERSION = YES;
				CLANG_WARN_INFINITE_RECURSION = YES;
				CLANG_WARN_INT_CONVERSION = YES;
				CLANG_WARN_OBJC_ROOT_CLASS = YES_ERROR;
				CLANG_WARN_SUSPICIOUS_MOVES = YES;
				CLANG_WARN_UNREACHABLE_CODE = YES;
				CLANG_WARN__DUPLICATE_METHOD_MATCH = YES;
				"CODE_SIGN_IDENTITY[sdk=iphoneos*]" = "iPhone Developer";
				COPY_PHASE_STRIP = NO;
				DEBUG_INFORMATION_FORMAT = dwarf;
				ENABLE_STRICT_OBJC_MSGSEND = YES;
				ENABLE_TESTABILITY = YES;
				GCC_C_LANGUAGE_STANDARD = gnu99;
				GCC_DYNAMIC_NO_PIC = NO;
				GCC_NO_COMMON_BLOCKS = YES;
				GCC_OPTIMIZATION_LEVEL = 0;
				GCC_PREPROCESSOR_DEFINITIONS = (
					"DEBUG=1",
					"$(inherited)",
				);
				GCC_WARN_64_TO_32_BIT_CONVERSION = YES;
				GCC_WARN_ABOUT_RETURN_TYPE = YES_ERROR;
				GCC_WARN_UNDECLARED_SELECTOR = YES;
				GCC_WARN_UNINITIALIZED_AUTOS = YES_AGGRESSIVE;
				GCC_WARN_UNUSED_FUNCTION = YES;
				GCC_WARN_UNUSED_VARIABLE = YES;
				IPHONEOS_DEPLOYMENT_TARGET = 10.0;
				MTL_ENABLE_DEBUG_INFO = YES;
				ONLY_ACTIVE_ARCH = YES;
				SDKROOT = iphoneos;
				SWIFT_ACTIVE_COMPILATION_CONDITIONS = DEBUG;
				SWIFT_OPTIMIZATION_LEVEL = "-Onone";
			};
			name = Debug;
		};
		321EA9BE1FA2543C009B454F /* Release */ = {
			isa = XCBuildConfiguration;
			buildSettings = {
				ALWAYS_SEARCH_USER_PATHS = NO;
				CLANG_ANALYZER_NONNULL = YES;
				CLANG_CXX_LANGUAGE_STANDARD = "gnu++0x";
				CLANG_CXX_LIBRARY = "libc++";
				CLANG_ENABLE_MODULES = YES;
				CLANG_ENABLE_OBJC_ARC = YES;
				CLANG_WARN_BOOL_CONVERSION = YES;
				CLANG_WARN_CONSTANT_CONVERSION = YES;
				CLANG_WARN_DIRECT_OBJC_ISA_USAGE = YES_ERROR;
				CLANG_WARN_DOCUMENTATION_COMMENTS = YES;
				CLANG_WARN_EMPTY_BODY = YES;
				CLANG_WARN_ENUM_CONVERSION = YES;
				CLANG_WARN_INFINITE_RECURSION = YES;
				CLANG_WARN_INT_CONVERSION = YES;
				CLANG_WARN_OBJC_ROOT_CLASS = YES_ERROR;
				CLANG_WARN_SUSPICIOUS_MOVES = YES;
				CLANG_WARN_UNREACHABLE_CODE = YES;
				CLANG_WARN__DUPLICATE_METHOD_MATCH = YES;
				"CODE_SIGN_IDENTITY[sdk=iphoneos*]" = "iPhone Developer";
				COPY_PHASE_STRIP = NO;
				DEBUG_INFORMATION_FORMAT = "dwarf-with-dsym";
				ENABLE_NS_ASSERTIONS = NO;
				ENABLE_STRICT_OBJC_MSGSEND = YES;
				GCC_C_LANGUAGE_STANDARD = gnu99;
				GCC_NO_COMMON_BLOCKS = YES;
				GCC_WARN_64_TO_32_BIT_CONVERSION = YES;
				GCC_WARN_ABOUT_RETURN_TYPE = YES_ERROR;
				GCC_WARN_UNDECLARED_SELECTOR = YES;
				GCC_WARN_UNINITIALIZED_AUTOS = YES_AGGRESSIVE;
				GCC_WARN_UNUSED_FUNCTION = YES;
				GCC_WARN_UNUSED_VARIABLE = YES;
				IPHONEOS_DEPLOYMENT_TARGET = 10.0;
				MTL_ENABLE_DEBUG_INFO = NO;
				SDKROOT = iphoneos;
				SWIFT_OPTIMIZATION_LEVEL = "-Owholemodule";
				VALIDATE_PRODUCT = YES;
			};
			name = Release;
		};
		321EA9C01FA2543C009B454F /* Debug */ = {
			isa = XCBuildConfiguration;
			buildSettings = {
				ASSETCATALOG_COMPILER_APPICON_NAME = AppIcon;
				INFOPLIST_FILE = HorokuApp/Info.plist;
				LD_RUNPATH_SEARCH_PATHS = "$(inherited) @executable_path/Frameworks";
				PRODUCT_BUNDLE_IDENTIFIER = swapnali.HorokuApp;
				PRODUCT_NAME = "$(TARGET_NAME)";
				SWIFT_VERSION = 3.0;
			};
			name = Debug;
		};
		321EA9C11FA2543C009B454F /* Release */ = {
			isa = XCBuildConfiguration;
			buildSettings = {
				ASSETCATALOG_COMPILER_APPICON_NAME = AppIcon;
				INFOPLIST_FILE = HorokuApp/Info.plist;
				LD_RUNPATH_SEARCH_PATHS = "$(inherited) @executable_path/Frameworks";
				PRODUCT_BUNDLE_IDENTIFIER = swapnali.HorokuApp;
				PRODUCT_NAME = "$(TARGET_NAME)";
				SWIFT_VERSION = 3.0;
			};
			name = Release;
		};
/* End XCBuildConfiguration section */

/* Begin XCConfigurationList section */
		321EA9A81FA2543C009B454F /* Build configuration list for PBXProject "HorokuApp" */ = {
			isa = XCConfigurationList;
			buildConfigurations = (
				321EA9BD1FA2543C009B454F /* Debug */,
				321EA9BE1FA2543C009B454F /* Release */,
			);
			defaultConfigurationIsVisible = 0;
			defaultConfigurationName = Release;
		};
		321EA9BF1FA2543C009B454F /* Build configuration list for PBXNativeTarget "HorokuApp" */ = {
			isa = XCConfigurationList;
			buildConfigurations = (
				321EA9C01FA2543C009B454F /* Debug */,
				321EA9C11FA2543C009B454F /* Release */,
			);
			defaultConfigurationIsVisible = 0;
		};
/* End XCConfigurationList section */
	};
	rootObject = 321EA9A51FA2543C009B454F /* Project object */;
}
